
Microsoft Visual Studio Solution File, Format Version 12.00
# Visual Studio Version 17
VisualStudioVersion = 17.8.34322.80
MinimumVisualStudioVersion = 10.0.40219.1
Project("{FAE04EC0-301F-11D3-BF4B-00C04F79EFBC}") = "OOP_Dice_Game", "OOP_Dice_Game.csproj", "{1353B2E4-1E5C-45F9-92A6-F13DAF12D740}"
EndProject
Global
	GlobalSection(SolutionConfigurationPlatforms) = preSolution
		Debug|Any CPU = Debug|Any CPU
		Release|Any CPU = Release|Any CPU
	EndGlobalSection
	GlobalSection(ProjectConfigurationPlatforms) = postSolution
		{1353B2E4-1E5C-45F9-92A6-F13DAF12D740}.Debug|Any CPU.ActiveCfg = Debug|Any CPU
		{1353B2E4-1E5C-45F9-92A6-F13DAF12D740}.Debug|Any CPU.Build.0 = Debug|Any CPU
		{1353B2E4-1E5C-45F9-92A6-F13DAF12D740}.Release|Any CPU.ActiveCfg = Release|Any CPU
		{1353B2E4-1E5C-45F9-92A6-F13DAF12D740}.Release|Any CPU.Build.0 = Release|Any CPU
	EndGlobalSection
	GlobalSection(SolutionProperties) = preSolution
		HideSolutionNode = FALSE
	EndGlobalSection
	GlobalSection(ExtensibilityGlobals) = postSolution
		SolutionGuid = {4BF90053-2DF4-4EFA-B6ED-7B9467EC672A}
	EndGlobalSection
EndGlobal
